github.com/KingDanx/daplogger v0.0.0-20240814150243-7afd5680c983 h1:1kJJIg5wwnCzgbHkTlSLBVNVE7nNRWBdQUFq5vZaPFE=
github.com/KingDanx/daplogger v0.0.0-20240814150243-7afd5680c983/go.mod h1:iry0SdB6TiNBusdK29tLvVIb0Bc04ummm3CowTmrC2M=
golang.org/x/sys v0.39.0 h1:CvCKL8MeisomCi6qNZ+wbb0DN9E5AATixKsvNtMoMFk=
golang.org/x/sys v0.39.0/go.mod h1:OgkHotnGiDImocRcuBABYBEXf8A9a87e/uXjp9XT3ks=
